
Microsoft Visual Studio Solution File, Format Version 12.00
# Visual Studio Version 17
VisualStudioVersion = 17.8.34316.72
MinimumVisualStudioVersion = 10.0.40219.1
Project("{FAE04EC0-301F-11D3-BF4B-00C04F79EFBC}") = "MvcClinic", "MvcClinic\MvcClinic.csproj", "{2E5664A1-CAD4-487A-8B8E-80BFFB243DEA}"
EndProject
Global
	GlobalSection(SolutionConfigurationPlatforms) = preSolution
		Debug|Any CPU = Debug|Any CPU
		Release|Any CPU = Release|Any CPU
	EndGlobalSection
	GlobalSection(ProjectConfigurationPlatforms) = postSolution
		{2E5664A1-CAD4-487A-8B8E-80BFFB243DEA}.Debug|Any CPU.ActiveCfg = Debug|Any CPU
		{2E5664A1-CAD4-487A-8B8E-80BFFB243DEA}.Debug|Any CPU.Build.0 = Debug|Any CPU
		{2E5664A1-CAD4-487A-8B8E-80BFFB243DEA}.Release|Any CPU.ActiveCfg = Release|Any CPU
		{2E5664A1-CAD4-487A-8B8E-80BFFB243DEA}.Release|Any CPU.Build.0 = Release|Any CPU
	EndGlobalSection
	GlobalSection(SolutionProperties) = preSolution
		HideSolutionNode = FALSE
	EndGlobalSection
	GlobalSection(ExtensibilityGlobals) = postSolution
		SolutionGuid = {1E08E352-858B-471D-85F0-C6061CF18268}
	EndGlobalSection
EndGlobal
